
Microsoft Visual Studio Solution File, Format Version 12.00
# Visual Studio Version 17
VisualStudioVersion = 17.8.34309.116
MinimumVisualStudioVersion = 10.0.40219.1
Project("{FAE04EC0-301F-11D3-BF4B-00C04F79EFBC}") = "Pinger", "Pinger\Pinger.csproj", "{14821F32-F1C2-496E-857D-2DE4B39529D0}"
EndProject
Global
	GlobalSection(SolutionConfigurationPlatforms) = preSolution
		Debug|Any CPU = Debug|Any CPU
		Release|Any CPU = Release|Any CPU
	EndGlobalSection
	GlobalSection(ProjectConfigurationPlatforms) = postSolution
		{14821F32-F1C2-496E-857D-2DE4B39529D0}.Debug|Any CPU.ActiveCfg = Debug|Any CPU
		{14821F32-F1C2-496E-857D-2DE4B39529D0}.Debug|Any CPU.Build.0 = Debug|Any CPU
		{14821F32-F1C2-496E-857D-2DE4B39529D0}.Release|Any CPU.ActiveCfg = Release|Any CPU
		{14821F32-F1C2-496E-857D-2DE4B39529D0}.Release|Any CPU.Build.0 = Release|Any CPU
	EndGlobalSection
	GlobalSection(SolutionProperties) = preSolution
		HideSolutionNode = FALSE
	EndGlobalSection
	GlobalSection(ExtensibilityGlobals) = postSolution
		SolutionGuid = {5B5E0816-8C33-4068-89E9-A278131B781B}
	EndGlobalSection
EndGlobal
